
Microsoft Visual Studio Solution File, Format Version 12.00
# Visual Studio Version 16
VisualStudioVersion = 16.0.30907.101
MinimumVisualStudioVersion = 10.0.40219.1
Project("{9A19103F-16F7-4668-BE54-9A1E7A4F7556}") = "WebApi", "WebApi\WebApi.csproj", "{4EA47208-C6FA-42D2-868B-DB949290F50D}"
EndProject
Project("{9A19103F-16F7-4668-BE54-9A1E7A4F7556}") = "SSEWebUI", "SSEWebUI\SSEWebUI.csproj", "{F81E7295-A8EE-4489-A9ED-A35672CA95AD}"
EndProject
Global
	GlobalSection(SolutionConfigurationPlatforms) = preSolution
		Debug|Any CPU = Debug|Any CPU
		Release|Any CPU = Release|Any CPU
	EndGlobalSection
	GlobalSection(ProjectConfigurationPlatforms) = postSolution
		{4EA47208-C6FA-42D2-868B-DB949290F50D}.Debug|Any CPU.ActiveCfg = Debug|Any CPU
		{4EA47208-C6FA-42D2-868B-DB949290F50D}.Debug|Any CPU.Build.0 = Debug|Any CPU
		{4EA47208-C6FA-42D2-868B-DB949290F50D}.Release|Any CPU.ActiveCfg = Release|Any CPU
		{4EA47208-C6FA-42D2-868B-DB949290F50D}.Release|Any CPU.Build.0 = Release|Any CPU
		{F81E7295-A8EE-4489-A9ED-A35672CA95AD}.Debug|Any CPU.ActiveCfg = Debug|Any CPU
		{F81E7295-A8EE-4489-A9ED-A35672CA95AD}.Debug|Any CPU.Build.0 = Debug|Any CPU
		{F81E7295-A8EE-4489-A9ED-A35672CA95AD}.Release|Any CPU.ActiveCfg = Release|Any CPU
		{F81E7295-A8EE-4489-A9ED-A35672CA95AD}.Release|Any CPU.Build.0 = Release|Any CPU
	EndGlobalSection
	GlobalSection(SolutionProperties) = preSolution
		HideSolutionNode = FALSE
	EndGlobalSection
	GlobalSection(ExtensibilityGlobals) = postSolution
		SolutionGuid = {00F63766-9A81-4AA0-9F51-2F1CC0355D1F}
	EndGlobalSection
EndGlobal
